// !$*UTF8*$!
{
	archiveVersion = 1;
	classes = {
	};
	objectVersion = 56;
	objects = {

/* Begin PBXBuildFile section */
		5409F4432C74752200199D27 /* UserDefaultsManager.swift in Sources */ = {isa = PBXBuildFile; fileRef = 5409F4422C74752200199D27 /* UserDefaultsManager.swift */; };
		5434898C2C6C746E00CD877D /* AppDelegate.swift in Sources */ = {isa = PBXBuildFile; fileRef = 5434898B2C6C746E00CD877D /* AppDelegate.swift */; };
		5434898E2C6C746E00CD877D /* SceneDelegate.swift in Sources */ = {isa = PBXBuildFile; fileRef = 5434898D2C6C746E00CD877D /* SceneDelegate.swift */; };
		543489902C6C746E00CD877D /* LoginViewController.swift in Sources */ = {isa = PBXBuildFile; fileRef = 5434898F2C6C746E00CD877D /* LoginViewController.swift */; };
		543489952C6C747000CD877D /* Assets.xcassets in Resources */ = {isa = PBXBuildFile; fileRef = 543489942C6C747000CD877D /* Assets.xcassets */; };
		543489982C6C747000CD877D /* Base in Resources */ = {isa = PBXBuildFile; fileRef = 543489972C6C747000CD877D /* Base */; };
		543489A02C6C74CE00CD877D /* .gitignore in Resources */ = {isa = PBXBuildFile; fileRef = 5434899F2C6C74CE00CD877D /* .gitignore */; };
		543489A62C6DD17F00CD877D /* Alamofire in Frameworks */ = {isa = PBXBuildFile; productRef = 543489A52C6DD17F00CD877D /* Alamofire */; };
		543489A92C6DD18A00CD877D /* SnapKit in Frameworks */ = {isa = PBXBuildFile; productRef = 543489A82C6DD18A00CD877D /* SnapKit */; };
		543489AC2C6DD19900CD877D /* RxCocoa in Frameworks */ = {isa = PBXBuildFile; productRef = 543489AB2C6DD19900CD877D /* RxCocoa */; };
		543489AE2C6DD19900CD877D /* RxSwift in Frameworks */ = {isa = PBXBuildFile; productRef = 543489AD2C6DD19900CD877D /* RxSwift */; };
		543489B02C6DD1EE00CD877D /* LoginView.swift in Sources */ = {isa = PBXBuildFile; fileRef = 543489AF2C6DD1EE00CD877D /* LoginView.swift */; };
		543489B22C6F1B1E00CD877D /* LoginViewModel.swift in Sources */ = {isa = PBXBuildFile; fileRef = 543489B12C6F1B1E00CD877D /* LoginViewModel.swift */; };
		543489B52C6F1B3400CD877D /* ViewModel.swift in Sources */ = {isa = PBXBuildFile; fileRef = 543489B42C6F1B3400CD877D /* ViewModel.swift */; };
		543489B82C6F201000CD877D /* APIManager.swift in Sources */ = {isa = PBXBuildFile; fileRef = 543489B72C6F201000CD877D /* APIManager.swift */; };
		543489BA2C6F211400CD877D /* TargetType.swift in Sources */ = {isa = PBXBuildFile; fileRef = 543489B92C6F211400CD877D /* TargetType.swift */; };
		543489BC2C6F243A00CD877D /* Router.swift in Sources */ = {isa = PBXBuildFile; fileRef = 543489BB2C6F243A00CD877D /* Router.swift */; };
		543489BE2C6F250100CD877D /* Header.swift in Sources */ = {isa = PBXBuildFile; fileRef = 543489BD2C6F250100CD877D /* Header.swift */; };
		543489C12C6F260F00CD877D /* LoginQuery.swift in Sources */ = {isa = PBXBuildFile; fileRef = 543489C02C6F260F00CD877D /* LoginQuery.swift */; };
		543489C42C6F381500CD877D /* LoginModel.swift in Sources */ = {isa = PBXBuildFile; fileRef = 543489C32C6F381500CD877D /* LoginModel.swift */; };
		543489C72C6F528800CD877D /* BaseViewController.swift in Sources */ = {isa = PBXBuildFile; fileRef = 543489C62C6F528800CD877D /* BaseViewController.swift */; };
		543489C92C709E2B00CD877D /* ResponseModel.swift in Sources */ = {isa = PBXBuildFile; fileRef = 543489C82C709E2B00CD877D /* ResponseModel.swift */; };
		543489CC2C709F2000CD877D /* SignupViewController.swift in Sources */ = {isa = PBXBuildFile; fileRef = 543489CB2C709F2000CD877D /* SignupViewController.swift */; };
		543489CE2C70A10000CD877D /* BaseView.swift in Sources */ = {isa = PBXBuildFile; fileRef = 543489CD2C70A10000CD877D /* BaseView.swift */; };
		543489D02C70A18300CD877D /* SignupView.swift in Sources */ = {isa = PBXBuildFile; fileRef = 543489CF2C70A18300CD877D /* SignupView.swift */; };
		543489D22C70A38C00CD877D /* RoundButton.swift in Sources */ = {isa = PBXBuildFile; fileRef = 543489D12C70A38C00CD877D /* RoundButton.swift */; };
		543489D42C70A64400CD877D /* EmailQuery.swift in Sources */ = {isa = PBXBuildFile; fileRef = 543489D32C70A64400CD877D /* EmailQuery.swift */; };
		543489D62C70A69E00CD877D /* EmailValidationModel.swift in Sources */ = {isa = PBXBuildFile; fileRef = 543489D52C70A69E00CD877D /* EmailValidationModel.swift */; };
		543489D82C70A8E700CD877D /* SignupViewModel.swift in Sources */ = {isa = PBXBuildFile; fileRef = 543489D72C70A8E700CD877D /* SignupViewModel.swift */; };
		543489DA2C71F72500CD877D /* SignupQuery.swift in Sources */ = {isa = PBXBuildFile; fileRef = 543489D92C71F72500CD877D /* SignupQuery.swift */; };
		543489DC2C71F75900CD877D /* SignupModel.swift in Sources */ = {isa = PBXBuildFile; fileRef = 543489DB2C71F75900CD877D /* SignupModel.swift */; };
		543489E72C73212600CD877D /* HomeViewController.swift in Sources */ = {isa = PBXBuildFile; fileRef = 543489E62C73212600CD877D /* HomeViewController.swift */; };
		543489E92C73231800CD877D /* HomeView.swift in Sources */ = {isa = PBXBuildFile; fileRef = 543489E82C73231800CD877D /* HomeView.swift */; };
		543489EB2C7323CE00CD877D /* HomeTableViewCell.swift in Sources */ = {isa = PBXBuildFile; fileRef = 543489EA2C7323CE00CD877D /* HomeTableViewCell.swift */; };
		543489ED2C73250500CD877D /* Post.swift in Sources */ = {isa = PBXBuildFile; fileRef = 543489EC2C73250500CD877D /* Post.swift */; };
		543489EF2C7329DD00CD877D /* PostsResponseModel.swift in Sources */ = {isa = PBXBuildFile; fileRef = 543489EE2C7329DD00CD877D /* PostsResponseModel.swift */; };
		54EB84972C75B6BB00C0C946 /* RefreshModel.swift in Sources */ = {isa = PBXBuildFile; fileRef = 54EB84962C75B6BB00C0C946 /* RefreshModel.swift */; };
		54EB84992C75CD4500C0C946 /* HomeViewModel.swift in Sources */ = {isa = PBXBuildFile; fileRef = 54EB84982C75CD4500C0C946 /* HomeViewModel.swift */; };
		54EB849B2C75D20800C0C946 /* HomeCollectionViewCell.swift in Sources */ = {isa = PBXBuildFile; fileRef = 54EB849A2C75D20800C0C946 /* HomeCollectionViewCell.swift */; };
		54EB849E2C75D21600C0C946 /* UIView+Extension.swift in Sources */ = {isa = PBXBuildFile; fileRef = 54EB849D2C75D21600C0C946 /* UIView+Extension.swift */; };
		54EB84A12C75DEA900C0C946 /* PostingViewController.swift in Sources */ = {isa = PBXBuildFile; fileRef = 54EB84A02C75DEA900C0C946 /* PostingViewController.swift */; };
		54EB84A32C76C33C00C0C946 /* PostingView.swift in Sources */ = {isa = PBXBuildFile; fileRef = 54EB84A22C76C33C00C0C946 /* PostingView.swift */; };
		54EB84C42C76F8DA00C0C946 /* PostingCollectionViewCell.swift in Sources */ = {isa = PBXBuildFile; fileRef = 54EB84C32C76F8DA00C0C946 /* PostingCollectionViewCell.swift */; };
		54EB84C62C77A6F300C0C946 /* PostingViewModel.swift in Sources */ = {isa = PBXBuildFile; fileRef = 54EB84C52C77A6F300C0C946 /* PostingViewModel.swift */; };
		54EB84C82C77A70D00C0C946 /* APIKey.swift in Sources */ = {isa = PBXBuildFile; fileRef = 54EB84C72C77A70D00C0C946 /* APIKey.swift */; };
		54EB84CA2C784F1000C0C946 /* PostQuery.swift in Sources */ = {isa = PBXBuildFile; fileRef = 54EB84C92C784F1000C0C946 /* PostQuery.swift */; };
		54EB84CC2C78581100C0C946 /* FilesModel.swift in Sources */ = {isa = PBXBuildFile; fileRef = 54EB84CB2C78581100C0C946 /* FilesModel.swift */; };
		54EB84D12C786C6400C0C946 /* PostDetailViewController.swift in Sources */ = {isa = PBXBuildFile; fileRef = 54EB84D02C786C6400C0C946 /* PostDetailViewController.swift */; };
		54EB84D32C786C7700C0C946 /* PostDetailView.swift in Sources */ = {isa = PBXBuildFile; fileRef = 54EB84D22C786C7700C0C946 /* PostDetailView.swift */; };
		54EB84D52C786DBF00C0C946 /* PostDetailViewModel.swift in Sources */ = {isa = PBXBuildFile; fileRef = 54EB84D42C786DBF00C0C946 /* PostDetailViewModel.swift */; };
		54EB84D82C7870BB00C0C946 /* String+Extenstion.swift in Sources */ = {isa = PBXBuildFile; fileRef = 54EB84D72C7870BB00C0C946 /* String+Extenstion.swift */; };
		54EB84DA2C78789000C0C946 /* PostDetailViewCell.swift in Sources */ = {isa = PBXBuildFile; fileRef = 54EB84D92C78789000C0C946 /* PostDetailViewCell.swift */; };
		54EB84DC2C78B21D00C0C946 /* TabBarController.swift in Sources */ = {isa = PBXBuildFile; fileRef = 54EB84DB2C78B21D00C0C946 /* TabBarController.swift */; };
		54EB84DF2C78B41800C0C946 /* ProfileViewController.swift in Sources */ = {isa = PBXBuildFile; fileRef = 54EB84DE2C78B41800C0C946 /* ProfileViewController.swift */; };
		54EB84E12C78B53400C0C946 /* ProfileView.swift in Sources */ = {isa = PBXBuildFile; fileRef = 54EB84E02C78B53400C0C946 /* ProfileView.swift */; };
		54EB84E32C78B7CC00C0C946 /* User.swift in Sources */ = {isa = PBXBuildFile; fileRef = 54EB84E22C78B7CC00C0C946 /* User.swift */; };
		54EB84E52C78B83D00C0C946 /* ProfileResponseModel.swift in Sources */ = {isa = PBXBuildFile; fileRef = 54EB84E42C78B83D00C0C946 /* ProfileResponseModel.swift */; };
		54EB84E72C78E06400C0C946 /* ProfileViewModel.swift in Sources */ = {isa = PBXBuildFile; fileRef = 54EB84E62C78E06400C0C946 /* ProfileViewModel.swift */; };
		54EB84E92C78E0D100C0C946 /* ProfileTableViewCell.swift in Sources */ = {isa = PBXBuildFile; fileRef = 54EB84E82C78E0D100C0C946 /* ProfileTableViewCell.swift */; };
		BEF412F26C76BEC86E0B3A7B /* Pods_MeetHub.framework in Frameworks */ = {isa = PBXBuildFile; fileRef = 7C82C58C24396B4D00CC0965 /* Pods_MeetHub.framework */; };
/* End PBXBuildFile section */

/* Begin PBXFileReference section */
		0630084FAA391F5C0343CE09 /* Pods-MeetHub.debug.xcconfig */ = {isa = PBXFileReference; includeInIndex = 1; lastKnownFileType = text.xcconfig; name = "Pods-MeetHub.debug.xcconfig"; path = "Target Support Files/Pods-MeetHub/Pods-MeetHub.debug.xcconfig"; sourceTree = "<group>"; };
		4EB0957F2FA45F45EF7856F3 /* Pods-MeetHub.release.xcconfig */ = {isa = PBXFileReference; includeInIndex = 1; lastKnownFileType = text.xcconfig; name = "Pods-MeetHub.release.xcconfig"; path = "Target Support Files/Pods-MeetHub/Pods-MeetHub.release.xcconfig"; sourceTree = "<group>"; };
		5409F4422C74752200199D27 /* UserDefaultsManager.swift */ = {isa = PBXFileReference; lastKnownFileType = sourcecode.swift; path = UserDefaultsManager.swift; sourceTree = "<group>"; };
		543489882C6C746E00CD877D /* MeetHub.app */ = {isa = PBXFileReference; explicitFileType = wrapper.application; includeInIndex = 0; path = MeetHub.app; sourceTree = BUILT_PRODUCTS_DIR; };
		5434898B2C6C746E00CD877D /* AppDelegate.swift */ = {isa = PBXFileReference; lastKnownFileType = sourcecode.swift; path = AppDelegate.swift; sourceTree = "<group>"; };
		5434898D2C6C746E00CD877D /* SceneDelegate.swift */ = {isa = PBXFileReference; lastKnownFileType = sourcecode.swift; path = SceneDelegate.swift; sourceTree = "<group>"; };
		5434898F2C6C746E00CD877D /* LoginViewController.swift */ = {isa = PBXFileReference; lastKnownFileType = sourcecode.swift; path = LoginViewController.swift; sourceTree = "<group>"; };
		543489942C6C747000CD877D /* Assets.xcassets */ = {isa = PBXFileReference; lastKnownFileType = folder.assetcatalog; path = Assets.xcassets; sourceTree = "<group>"; };
		543489972C6C747000CD877D /* Base */ = {isa = PBXFileReference; lastKnownFileType = file.storyboard; name = Base; path = Base.lproj/LaunchScreen.storyboard; sourceTree = "<group>"; };
		543489992C6C747000CD877D /* Info.plist */ = {isa = PBXFileReference; lastKnownFileType = text.plist.xml; path = Info.plist; sourceTree = "<group>"; };
		5434899F2C6C74CE00CD877D /* .gitignore */ = {isa = PBXFileReference; lastKnownFileType = text; path = .gitignore; sourceTree = "<group>"; };
		543489AF2C6DD1EE00CD877D /* LoginView.swift */ = {isa = PBXFileReference; lastKnownFileType = sourcecode.swift; path = LoginView.swift; sourceTree = "<group>"; };
		543489B12C6F1B1E00CD877D /* LoginViewModel.swift */ = {isa = PBXFileReference; lastKnownFileType = sourcecode.swift; path = LoginViewModel.swift; sourceTree = "<group>"; };
		543489B42C6F1B3400CD877D /* ViewModel.swift */ = {isa = PBXFileReference; lastKnownFileType = sourcecode.swift; path = ViewModel.swift; sourceTree = "<group>"; };
		543489B72C6F201000CD877D /* APIManager.swift */ = {isa = PBXFileReference; lastKnownFileType = sourcecode.swift; path = APIManager.swift; sourceTree = "<group>"; };
		543489B92C6F211400CD877D /* TargetType.swift */ = {isa = PBXFileReference; lastKnownFileType = sourcecode.swift; path = TargetType.swift; sourceTree = "<group>"; };
		543489BB2C6F243A00CD877D /* Router.swift */ = {isa = PBXFileReference; lastKnownFileType = sourcecode.swift; path = Router.swift; sourceTree = "<group>"; };
		543489BD2C6F250100CD877D /* Header.swift */ = {isa = PBXFileReference; lastKnownFileType = sourcecode.swift; path = Header.swift; sourceTree = "<group>"; };
		543489C02C6F260F00CD877D /* LoginQuery.swift */ = {isa = PBXFileReference; lastKnownFileType = sourcecode.swift; path = LoginQuery.swift; sourceTree = "<group>"; };
		543489C32C6F381500CD877D /* LoginModel.swift */ = {isa = PBXFileReference; lastKnownFileType = sourcecode.swift; path = LoginModel.swift; sourceTree = "<group>"; };
		543489C62C6F528800CD877D /* BaseViewController.swift */ = {isa = PBXFileReference; lastKnownFileType = sourcecode.swift; path = BaseViewController.swift; sourceTree = "<group>"; };
		543489C82C709E2B00CD877D /* ResponseModel.swift */ = {isa = PBXFileReference; lastKnownFileType = sourcecode.swift; path = ResponseModel.swift; sourceTree = "<group>"; };
		543489CB2C709F2000CD877D /* SignupViewController.swift */ = {isa = PBXFileReference; lastKnownFileType = sourcecode.swift; path = SignupViewController.swift; sourceTree = "<group>"; };
		543489CD2C70A10000CD877D /* BaseView.swift */ = {isa = PBXFileReference; lastKnownFileType = sourcecode.swift; path = BaseView.swift; sourceTree = "<group>"; };
		543489CF2C70A18300CD877D /* SignupView.swift */ = {isa = PBXFileReference; lastKnownFileType = sourcecode.swift; path = SignupView.swift; sourceTree = "<group>"; };
		543489D12C70A38C00CD877D /* RoundButton.swift */ = {isa = PBXFileReference; lastKnownFileType = sourcecode.swift; path = RoundButton.swift; sourceTree = "<group>"; };
		543489D32C70A64400CD877D /* EmailQuery.swift */ = {isa = PBXFileReference; lastKnownFileType = sourcecode.swift; path = EmailQuery.swift; sourceTree = "<group>"; };
		543489D52C70A69E00CD877D /* EmailValidationModel.swift */ = {isa = PBXFileReference; lastKnownFileType = sourcecode.swift; path = EmailValidationModel.swift; sourceTree = "<group>"; };
		543489D72C70A8E700CD877D /* SignupViewModel.swift */ = {isa = PBXFileReference; lastKnownFileType = sourcecode.swift; path = SignupViewModel.swift; sourceTree = "<group>"; };
		543489D92C71F72500CD877D /* SignupQuery.swift */ = {isa = PBXFileReference; lastKnownFileType = sourcecode.swift; path = SignupQuery.swift; sourceTree = "<group>"; };
		543489DB2C71F75900CD877D /* SignupModel.swift */ = {isa = PBXFileReference; lastKnownFileType = sourcecode.swift; path = SignupModel.swift; sourceTree = "<group>"; };
		543489E62C73212600CD877D /* HomeViewController.swift */ = {isa = PBXFileReference; lastKnownFileType = sourcecode.swift; path = HomeViewController.swift; sourceTree = "<group>"; };
		543489E82C73231800CD877D /* HomeView.swift */ = {isa = PBXFileReference; lastKnownFileType = sourcecode.swift; path = HomeView.swift; sourceTree = "<group>"; };
		543489EA2C7323CE00CD877D /* HomeTableViewCell.swift */ = {isa = PBXFileReference; lastKnownFileType = sourcecode.swift; path = HomeTableViewCell.swift; sourceTree = "<group>"; };
		543489EC2C73250500CD877D /* Post.swift */ = {isa = PBXFileReference; lastKnownFileType = sourcecode.swift; path = Post.swift; sourceTree = "<group>"; };
		543489EE2C7329DD00CD877D /* PostsResponseModel.swift */ = {isa = PBXFileReference; lastKnownFileType = sourcecode.swift; path = PostsResponseModel.swift; sourceTree = "<group>"; };
		54EB84962C75B6BB00C0C946 /* RefreshModel.swift */ = {isa = PBXFileReference; lastKnownFileType = sourcecode.swift; path = RefreshModel.swift; sourceTree = "<group>"; };
		54EB84982C75CD4500C0C946 /* HomeViewModel.swift */ = {isa = PBXFileReference; lastKnownFileType = sourcecode.swift; path = HomeViewModel.swift; sourceTree = "<group>"; };
		54EB849A2C75D20800C0C946 /* HomeCollectionViewCell.swift */ = {isa = PBXFileReference; lastKnownFileType = sourcecode.swift; path = HomeCollectionViewCell.swift; sourceTree = "<group>"; };
		54EB849D2C75D21600C0C946 /* UIView+Extension.swift */ = {isa = PBXFileReference; lastKnownFileType = sourcecode.swift; path = "UIView+Extension.swift"; sourceTree = "<group>"; };
		54EB84A02C75DEA900C0C946 /* PostingViewController.swift */ = {isa = PBXFileReference; lastKnownFileType = sourcecode.swift; path = PostingViewController.swift; sourceTree = "<group>"; };
		54EB84A22C76C33C00C0C946 /* PostingView.swift */ = {isa = PBXFileReference; lastKnownFileType = sourcecode.swift; path = PostingView.swift; sourceTree = "<group>"; };
		54EB84C32C76F8DA00C0C946 /* PostingCollectionViewCell.swift */ = {isa = PBXFileReference; lastKnownFileType = sourcecode.swift; path = PostingCollectionViewCell.swift; sourceTree = "<group>"; };
		54EB84C52C77A6F300C0C946 /* PostingViewModel.swift */ = {isa = PBXFileReference; lastKnownFileType = sourcecode.swift; path = PostingViewModel.swift; sourceTree = "<group>"; };
		54EB84C72C77A70D00C0C946 /* APIKey.swift */ = {isa = PBXFileReference; fileEncoding = 4; lastKnownFileType = sourcecode.swift; path = APIKey.swift; sourceTree = "<group>"; };
		54EB84C92C784F1000C0C946 /* PostQuery.swift */ = {isa = PBXFileReference; lastKnownFileType = sourcecode.swift; path = PostQuery.swift; sourceTree = "<group>"; };
		54EB84CB2C78581100C0C946 /* FilesModel.swift */ = {isa = PBXFileReference; lastKnownFileType = sourcecode.swift; path = FilesModel.swift; sourceTree = "<group>"; };
		54EB84D02C786C6400C0C946 /* PostDetailViewController.swift */ = {isa = PBXFileReference; lastKnownFileType = sourcecode.swift; path = PostDetailViewController.swift; sourceTree = "<group>"; };
		54EB84D22C786C7700C0C946 /* PostDetailView.swift */ = {isa = PBXFileReference; lastKnownFileType = sourcecode.swift; path = PostDetailView.swift; sourceTree = "<group>"; };
		54EB84D42C786DBF00C0C946 /* PostDetailViewModel.swift */ = {isa = PBXFileReference; lastKnownFileType = sourcecode.swift; path = PostDetailViewModel.swift; sourceTree = "<group>"; };
		54EB84D72C7870BB00C0C946 /* String+Extenstion.swift */ = {isa = PBXFileReference; lastKnownFileType = sourcecode.swift; path = "String+Extenstion.swift"; sourceTree = "<group>"; };
		54EB84D92C78789000C0C946 /* PostDetailViewCell.swift */ = {isa = PBXFileReference; lastKnownFileType = sourcecode.swift; path = PostDetailViewCell.swift; sourceTree = "<group>"; };
		54EB84DB2C78B21D00C0C946 /* TabBarController.swift */ = {isa = PBXFileReference; lastKnownFileType = sourcecode.swift; path = TabBarController.swift; sourceTree = "<group>"; };
		54EB84DE2C78B41800C0C946 /* ProfileViewController.swift */ = {isa = PBXFileReference; lastKnownFileType = sourcecode.swift; path = ProfileViewController.swift; sourceTree = "<group>"; };
		54EB84E02C78B53400C0C946 /* ProfileView.swift */ = {isa = PBXFileReference; lastKnownFileType = sourcecode.swift; path = ProfileView.swift; sourceTree = "<group>"; };
		54EB84E22C78B7CC00C0C946 /* User.swift */ = {isa = PBXFileReference; lastKnownFileType = sourcecode.swift; path = User.swift; sourceTree = "<group>"; };
		54EB84E42C78B83D00C0C946 /* ProfileResponseModel.swift */ = {isa = PBXFileReference; lastKnownFileType = sourcecode.swift; path = ProfileResponseModel.swift; sourceTree = "<group>"; };
		54EB84E62C78E06400C0C946 /* ProfileViewModel.swift */ = {isa = PBXFileReference; lastKnownFileType = sourcecode.swift; path = ProfileViewModel.swift; sourceTree = "<group>"; };
		54EB84E82C78E0D100C0C946 /* ProfileTableViewCell.swift */ = {isa = PBXFileReference; lastKnownFileType = sourcecode.swift; path = ProfileTableViewCell.swift; sourceTree = "<group>"; };
		7C82C58C24396B4D00CC0965 /* Pods_MeetHub.framework */ = {isa = PBXFileReference; explicitFileType = wrapper.framework; includeInIndex = 0; path = Pods_MeetHub.framework; sourceTree = BUILT_PRODUCTS_DIR; };
/* End PBXFileReference section */

/* Begin PBXFrameworksBuildPhase section */
		543489852C6C746E00CD877D /* Frameworks */ = {
			isa = PBXFrameworksBuildPhase;
			buildActionMask = 2147483647;
			files = (
				543489AC2C6DD19900CD877D /* RxCocoa in Frameworks */,
				543489A62C6DD17F00CD877D /* Alamofire in Frameworks */,
				543489AE2C6DD19900CD877D /* RxSwift in Frameworks */,
				543489A92C6DD18A00CD877D /* SnapKit in Frameworks */,
				BEF412F26C76BEC86E0B3A7B /* Pods_MeetHub.framework in Frameworks */,
			);
			runOnlyForDeploymentPostprocessing = 0;
		};
/* End PBXFrameworksBuildPhase section */

/* Begin PBXGroup section */
		5434897F2C6C746E00CD877D = {
			isa = PBXGroup;
			children = (
				5434899F2C6C74CE00CD877D /* .gitignore */,
				5434898A2C6C746E00CD877D /* MeetHub */,
				543489892C6C746E00CD877D /* Products */,
				8D793BBE8B49B3CB0F5EB2B9 /* Pods */,
				C64102546EC69BB016736FD3 /* Frameworks */,
			);
			sourceTree = "<group>";
		};
		543489892C6C746E00CD877D /* Products */ = {
			isa = PBXGroup;
			children = (
				543489882C6C746E00CD877D /* MeetHub.app */,
			);
			name = Products;
			sourceTree = "<group>";
		};
		5434898A2C6C746E00CD877D /* MeetHub */ = {
			isa = PBXGroup;
			children = (
				54EB849C2C75D21100C0C946 /* Extension */,
				543489C52C6F527F00CD877D /* CustomView */,
				543489C22C6F380B00CD877D /* ResponseModel */,
				543489BF2C6F260600CD877D /* RequestModel */,
				543489B62C6F200500CD877D /* Network */,
				543489B32C6F1B2E00CD877D /* Protocol */,
				5434898B2C6C746E00CD877D /* AppDelegate.swift */,
				5434898D2C6C746E00CD877D /* SceneDelegate.swift */,
				543489A32C6DCE7B00CD877D /* LoginView */,
				543489CA2C709F1000CD877D /* SignupView */,
				543489E52C73211B00CD877D /* HomeView */,
				54EB849F2C75DE8900C0C946 /* PostingView */,
				54EB84CF2C786C4C00C0C946 /* PostDetailView */,
				54EB84DD2C78B40700C0C946 /* ProfileView */,
				543489962C6C747000CD877D /* LaunchScreen.storyboard */,
				543489942C6C747000CD877D /* Assets.xcassets */,
				543489992C6C747000CD877D /* Info.plist */,
				54EB84C72C77A70D00C0C946 /* APIKey.swift */,
			);
			path = MeetHub;
			sourceTree = "<group>";
		};
		543489A32C6DCE7B00CD877D /* LoginView */ = {
			isa = PBXGroup;
			children = (
				5434898F2C6C746E00CD877D /* LoginViewController.swift */,
				543489AF2C6DD1EE00CD877D /* LoginView.swift */,
				543489B12C6F1B1E00CD877D /* LoginViewModel.swift */,
			);
			path = LoginView;
			sourceTree = "<group>";
		};
		543489B32C6F1B2E00CD877D /* Protocol */ = {
			isa = PBXGroup;
			children = (
				543489B42C6F1B3400CD877D /* ViewModel.swift */,
				543489C82C709E2B00CD877D /* ResponseModel.swift */,
			);
			path = Protocol;
			sourceTree = "<group>";
		};
		543489B62C6F200500CD877D /* Network */ = {
			isa = PBXGroup;
			children = (
				543489B72C6F201000CD877D /* APIManager.swift */,
				543489BD2C6F250100CD877D /* Header.swift */,
				543489BB2C6F243A00CD877D /* Router.swift */,
				543489B92C6F211400CD877D /* TargetType.swift */,
				5409F4422C74752200199D27 /* UserDefaultsManager.swift */,
			);
			path = Network;
			sourceTree = "<group>";
		};
		543489BF2C6F260600CD877D /* RequestModel */ = {
			isa = PBXGroup;
			children = (
				543489C02C6F260F00CD877D /* LoginQuery.swift */,
				543489D32C70A64400CD877D /* EmailQuery.swift */,
				543489D92C71F72500CD877D /* SignupQuery.swift */,
				54EB84C92C784F1000C0C946 /* PostQuery.swift */,
			);
			path = RequestModel;
			sourceTree = "<group>";
		};
		543489C22C6F380B00CD877D /* ResponseModel */ = {
			isa = PBXGroup;
			children = (
				543489C32C6F381500CD877D /* LoginModel.swift */,
				543489D52C70A69E00CD877D /* EmailValidationModel.swift */,
				543489DB2C71F75900CD877D /* SignupModel.swift */,
				543489EC2C73250500CD877D /* Post.swift */,
				543489EE2C7329DD00CD877D /* PostsResponseModel.swift */,
				54EB84962C75B6BB00C0C946 /* RefreshModel.swift */,
				54EB84CB2C78581100C0C946 /* FilesModel.swift */,
				54EB84E22C78B7CC00C0C946 /* User.swift */,
				54EB84E42C78B83D00C0C946 /* ProfileResponseModel.swift */,
			);
			path = ResponseModel;
			sourceTree = "<group>";
		};
		543489C52C6F527F00CD877D /* CustomView */ = {
			isa = PBXGroup;
			children = (
				543489C62C6F528800CD877D /* BaseViewController.swift */,
				543489CD2C70A10000CD877D /* BaseView.swift */,
				543489D12C70A38C00CD877D /* RoundButton.swift */,
				54EB84DB2C78B21D00C0C946 /* TabBarController.swift */,
			);
			path = CustomView;
			sourceTree = "<group>";
		};
		543489CA2C709F1000CD877D /* SignupView */ = {
			isa = PBXGroup;
			children = (
				543489CB2C709F2000CD877D /* SignupViewController.swift */,
				543489CF2C70A18300CD877D /* SignupView.swift */,
				543489D72C70A8E700CD877D /* SignupViewModel.swift */,
			);
			path = SignupView;
			sourceTree = "<group>";
		};
		543489E52C73211B00CD877D /* HomeView */ = {
			isa = PBXGroup;
			children = (
				543489E62C73212600CD877D /* HomeViewController.swift */,
				543489E82C73231800CD877D /* HomeView.swift */,
				543489EA2C7323CE00CD877D /* HomeTableViewCell.swift */,
				54EB849A2C75D20800C0C946 /* HomeCollectionViewCell.swift */,
				54EB84982C75CD4500C0C946 /* HomeViewModel.swift */,
			);
			path = HomeView;
			sourceTree = "<group>";
		};
		54EB849C2C75D21100C0C946 /* Extension */ = {
			isa = PBXGroup;
			children = (
				54EB849D2C75D21600C0C946 /* UIView+Extension.swift */,
				54EB84D72C7870BB00C0C946 /* String+Extenstion.swift */,
			);
			path = Extension;
			sourceTree = "<group>";
		};
		54EB849F2C75DE8900C0C946 /* PostingView */ = {
			isa = PBXGroup;
			children = (
				54EB84A02C75DEA900C0C946 /* PostingViewController.swift */,
				54EB84A22C76C33C00C0C946 /* PostingView.swift */,
				54EB84C32C76F8DA00C0C946 /* PostingCollectionViewCell.swift */,
				54EB84C52C77A6F300C0C946 /* PostingViewModel.swift */,
			);
			path = PostingView;
			sourceTree = "<group>";
		};
		54EB84CF2C786C4C00C0C946 /* PostDetailView */ = {
			isa = PBXGroup;
			children = (
				54EB84D02C786C6400C0C946 /* PostDetailViewController.swift */,
				54EB84D22C786C7700C0C946 /* PostDetailView.swift */,
				54EB84D42C786DBF00C0C946 /* PostDetailViewModel.swift */,
				54EB84D92C78789000C0C946 /* PostDetailViewCell.swift */,
			);
			name = PostDetailView;
			path = PostingView;
			sourceTree = "<group>";
		};
		54EB84DD2C78B40700C0C946 /* ProfileView */ = {
			isa = PBXGroup;
			children = (
				54EB84DE2C78B41800C0C946 /* ProfileViewController.swift */,
				54EB84E82C78E0D100C0C946 /* ProfileTableViewCell.swift */,
				54EB84E02C78B53400C0C946 /* ProfileView.swift */,
				54EB84E62C78E06400C0C946 /* ProfileViewModel.swift */,
			);
			name = ProfileView;
			sourceTree = "<group>";
		};
		8D793BBE8B49B3CB0F5EB2B9 /* Pods */ = {
			isa = PBXGroup;
			children = (
				0630084FAA391F5C0343CE09 /* Pods-MeetHub.debug.xcconfig */,
				4EB0957F2FA45F45EF7856F3 /* Pods-MeetHub.release.xcconfig */,
			);
			path = Pods;
			sourceTree = "<group>";
		};
		C64102546EC69BB016736FD3 /* Frameworks */ = {
			isa = PBXGroup;
			children = (
				7C82C58C24396B4D00CC0965 /* Pods_MeetHub.framework */,
			);
			name = Frameworks;
			sourceTree = "<group>";
		};
/* End PBXGroup section */

/* Begin PBXNativeTarget section */
		543489872C6C746E00CD877D /* MeetHub */ = {
			isa = PBXNativeTarget;
			buildConfigurationList = 5434899C2C6C747000CD877D /* Build configuration list for PBXNativeTarget "MeetHub" */;
			buildPhases = (
				D47A72097F6A6C98522588D4 /* [CP] Check Pods Manifest.lock */,
				543489842C6C746E00CD877D /* Sources */,
				543489852C6C746E00CD877D /* Frameworks */,
				543489862C6C746E00CD877D /* Resources */,
				9658408618676982784C8659 /* [CP] Embed Pods Frameworks */,
			);
			buildRules = (
			);
			dependencies = (
			);
			name = MeetHub;
			packageProductDependencies = (
				543489A52C6DD17F00CD877D /* Alamofire */,
				543489A82C6DD18A00CD877D /* SnapKit */,
				543489AB2C6DD19900CD877D /* RxCocoa */,
				543489AD2C6DD19900CD877D /* RxSwift */,
			);
			productName = MeetHub;
			productReference = 543489882C6C746E00CD877D /* MeetHub.app */;
			productType = "com.apple.product-type.application";
		};
/* End PBXNativeTarget section */

/* Begin PBXProject section */
		543489802C6C746E00CD877D /* Project object */ = {
			isa = PBXProject;
			attributes = {
				BuildIndependentTargetsInParallel = 1;
				LastSwiftUpdateCheck = 1530;
				LastUpgradeCheck = 1530;
				TargetAttributes = {
					543489872C6C746E00CD877D = {
						CreatedOnToolsVersion = 15.3;
					};
				};
			};
			buildConfigurationList = 543489832C6C746E00CD877D /* Build configuration list for PBXProject "MeetHub" */;
			compatibilityVersion = "Xcode 14.0";
			developmentRegion = en;
			hasScannedForEncodings = 0;
			knownRegions = (
				en,
				Base,
			);
			mainGroup = 5434897F2C6C746E00CD877D;
			packageReferences = (
				543489A42C6DD17F00CD877D /* XCRemoteSwiftPackageReference "Alamofire" */,
				543489A72C6DD18A00CD877D /* XCRemoteSwiftPackageReference "SnapKit" */,
				543489AA2C6DD19900CD877D /* XCRemoteSwiftPackageReference "RxSwift" */,
			);
			productRefGroup = 543489892C6C746E00CD877D /* Products */;
			projectDirPath = "";
			projectRoot = "";
			targets = (
				543489872C6C746E00CD877D /* MeetHub */,
			);
		};
/* End PBXProject section */

/* Begin PBXResourcesBuildPhase section */
		543489862C6C746E00CD877D /* Resources */ = {
			isa = PBXResourcesBuildPhase;
			buildActionMask = 2147483647;
			files = (
				543489A02C6C74CE00CD877D /* .gitignore in Resources */,
				543489952C6C747000CD877D /* Assets.xcassets in Resources */,
				543489982C6C747000CD877D /* Base in Resources */,
			);
			runOnlyForDeploymentPostprocessing = 0;
		};
/* End PBXResourcesBuildPhase section */

/* Begin PBXShellScriptBuildPhase section */
		9658408618676982784C8659 /* [CP] Embed Pods Frameworks */ = {
			isa = PBXShellScriptBuildPhase;
			buildActionMask = 2147483647;
			files = (
			);
			inputFileListPaths = (
				"${PODS_ROOT}/Target Support Files/Pods-MeetHub/Pods-MeetHub-frameworks-${CONFIGURATION}-input-files.xcfilelist",
			);
			name = "[CP] Embed Pods Frameworks";
			outputFileListPaths = (
				"${PODS_ROOT}/Target Support Files/Pods-MeetHub/Pods-MeetHub-frameworks-${CONFIGURATION}-output-files.xcfilelist",
			);
			runOnlyForDeploymentPostprocessing = 0;
			shellPath = /bin/sh;
			shellScript = "\"${PODS_ROOT}/Target Support Files/Pods-MeetHub/Pods-MeetHub-frameworks.sh\"\n";
			showEnvVarsInLog = 0;
		};
		D47A72097F6A6C98522588D4 /* [CP] Check Pods Manifest.lock */ = {
			isa = PBXShellScriptBuildPhase;
			buildActionMask = 2147483647;
			files = (
			);
			inputFileListPaths = (
			);
			inputPaths = (
				"${PODS_PODFILE_DIR_PATH}/Podfile.lock",
				"${PODS_ROOT}/Manifest.lock",
			);
			name = "[CP] Check Pods Manifest.lock";
			outputFileListPaths = (
			);
			outputPaths = (
				"$(DERIVED_FILE_DIR)/Pods-MeetHub-checkManifestLockResult.txt",
			);
			runOnlyForDeploymentPostprocessing = 0;
			shellPath = /bin/sh;
			shellScript = "diff \"${PODS_PODFILE_DIR_PATH}/Podfile.lock\" \"${PODS_ROOT}/Manifest.lock\" > /dev/null\nif [ $? != 0 ] ; then\n    # print error to STDERR\n    echo \"error: The sandbox is not in sync with the Podfile.lock. Run 'pod install' or update your CocoaPods installation.\" >&2\n    exit 1\nfi\n# This output is used by Xcode 'outputs' to avoid re-running this script phase.\necho \"SUCCESS\" > \"${SCRIPT_OUTPUT_FILE_0}\"\n";
			showEnvVarsInLog = 0;
		};
/* End PBXShellScriptBuildPhase section */

/* Begin PBXSourcesBuildPhase section */
		543489842C6C746E00CD877D /* Sources */ = {
			isa = PBXSourcesBuildPhase;
			buildActionMask = 2147483647;
			files = (
				543489EF2C7329DD00CD877D /* PostsResponseModel.swift in Sources */,
				543489E72C73212600CD877D /* HomeViewController.swift in Sources */,
				543489DA2C71F72500CD877D /* SignupQuery.swift in Sources */,
				54EB84C62C77A6F300C0C946 /* PostingViewModel.swift in Sources */,
				54EB84D52C786DBF00C0C946 /* PostDetailViewModel.swift in Sources */,
				54EB84DC2C78B21D00C0C946 /* TabBarController.swift in Sources */,
				54EB84992C75CD4500C0C946 /* HomeViewModel.swift in Sources */,
				543489D02C70A18300CD877D /* SignupView.swift in Sources */,
				54EB84DF2C78B41800C0C946 /* ProfileViewController.swift in Sources */,
				54EB84E92C78E0D100C0C946 /* ProfileTableViewCell.swift in Sources */,
				543489B82C6F201000CD877D /* APIManager.swift in Sources */,
				543489902C6C746E00CD877D /* LoginViewController.swift in Sources */,
				543489BC2C6F243A00CD877D /* Router.swift in Sources */,
				543489D22C70A38C00CD877D /* RoundButton.swift in Sources */,
				543489CE2C70A10000CD877D /* BaseView.swift in Sources */,
				5434898C2C6C746E00CD877D /* AppDelegate.swift in Sources */,
				543489BA2C6F211400CD877D /* TargetType.swift in Sources */,
				54EB84E52C78B83D00C0C946 /* ProfileResponseModel.swift in Sources */,
				543489C72C6F528800CD877D /* BaseViewController.swift in Sources */,
				54EB84972C75B6BB00C0C946 /* RefreshModel.swift in Sources */,
				543489BE2C6F250100CD877D /* Header.swift in Sources */,
				543489DC2C71F75900CD877D /* SignupModel.swift in Sources */,
				543489D62C70A69E00CD877D /* EmailValidationModel.swift in Sources */,
				54EB849B2C75D20800C0C946 /* HomeCollectionViewCell.swift in Sources */,
				543489B52C6F1B3400CD877D /* ViewModel.swift in Sources */,
				54EB84D82C7870BB00C0C946 /* String+Extenstion.swift in Sources */,
				543489EB2C7323CE00CD877D /* HomeTableViewCell.swift in Sources */,
				543489E92C73231800CD877D /* HomeView.swift in Sources */,
				543489B22C6F1B1E00CD877D /* LoginViewModel.swift in Sources */,
				54EB84C42C76F8DA00C0C946 /* PostingCollectionViewCell.swift in Sources */,
				54EB84D12C786C6400C0C946 /* PostDetailViewController.swift in Sources */,
				54EB84E72C78E06400C0C946 /* ProfileViewModel.swift in Sources */,
				543489C42C6F381500CD877D /* LoginModel.swift in Sources */,
				54EB84A32C76C33C00C0C946 /* PostingView.swift in Sources */,
				543489ED2C73250500CD877D /* Post.swift in Sources */,
				543489CC2C709F2000CD877D /* SignupViewController.swift in Sources */,
				54EB84CA2C784F1000C0C946 /* PostQuery.swift in Sources */,
				543489D82C70A8E700CD877D /* SignupViewModel.swift in Sources */,
				5409F4432C74752200199D27 /* UserDefaultsManager.swift in Sources */,
				543489B02C6DD1EE00CD877D /* LoginView.swift in Sources */,
				54EB84DA2C78789000C0C946 /* PostDetailViewCell.swift in Sources */,
				54EB84A12C75DEA900C0C946 /* PostingViewController.swift in Sources */,
				543489C12C6F260F00CD877D /* LoginQuery.swift in Sources */,
				54EB84E12C78B53400C0C946 /* ProfileView.swift in Sources */,
				54EB84E32C78B7CC00C0C946 /* User.swift in Sources */,
				54EB849E2C75D21600C0C946 /* UIView+Extension.swift in Sources */,
				543489D42C70A64400CD877D /* EmailQuery.swift in Sources */,
				543489C92C709E2B00CD877D /* ResponseModel.swift in Sources */,
				54EB84C82C77A70D00C0C946 /* APIKey.swift in Sources */,
				54EB84D32C786C7700C0C946 /* PostDetailView.swift in Sources */,
				5434898E2C6C746E00CD877D /* SceneDelegate.swift in Sources */,
				54EB84CC2C78581100C0C946 /* FilesModel.swift in Sources */,
			);
			runOnlyForDeploymentPostprocessing = 0;
		};
/* End PBXSourcesBuildPhase section */

/* Begin PBXVariantGroup section */
		543489962C6C747000CD877D /* LaunchScreen.storyboard */ = {
			isa = PBXVariantGroup;
			children = (
				543489972C6C747000CD877D /* Base */,
			);
			name = LaunchScreen.storyboard;
			sourceTree = "<group>";
		};
/* End PBXVariantGroup section */

/* Begin XCBuildConfiguration section */
		5434899A2C6C747000CD877D /* Debug */ = {
			isa = XCBuildConfiguration;
			buildSettings = {
				ALWAYS_SEARCH_USER_PATHS = NO;
				ASSETCATALOG_COMPILER_GENERATE_SWIFT_ASSET_SYMBOL_EXTENSIONS = YES;
				CLANG_ANALYZER_NONNULL = YES;
				CLANG_ANALYZER_NUMBER_OBJECT_CONVERSION = YES_AGGRESSIVE;
				CLANG_CXX_LANGUAGE_STANDARD = "gnu++20";
				CLANG_ENABLE_MODULES = YES;
				CLANG_ENABLE_OBJC_ARC = YES;
				CLANG_ENABLE_OBJC_WEAK = YES;
				CLANG_WARN_BLOCK_CAPTURE_AUTORELEASING = YES;
				CLANG_WARN_BOOL_CONVERSION = YES;
				CLANG_WARN_COMMA = YES;
				CLANG_WARN_CONSTANT_CONVERSION = YES;
				CLANG_WARN_DEPRECATED_OBJC_IMPLEMENTATIONS = YES;
				CLANG_WARN_DIRECT_OBJC_ISA_USAGE = YES_ERROR;
				CLANG_WARN_DOCUMENTATION_COMMENTS = YES;
				CLANG_WARN_EMPTY_BODY = YES;
				CLANG_WARN_ENUM_CONVERSION = YES;
				CLANG_WARN_INFINITE_RECURSION = YES;
				CLANG_WARN_INT_CONVERSION = YES;
				CLANG_WARN_NON_LITERAL_NULL_CONVERSION = YES;
				CLANG_WARN_OBJC_IMPLICIT_RETAIN_SELF = YES;
				CLANG_WARN_OBJC_LITERAL_CONVERSION = YES;
				CLANG_WARN_OBJC_ROOT_CLASS = YES_ERROR;
				CLANG_WARN_QUOTED_INCLUDE_IN_FRAMEWORK_HEADER = YES;
				CLANG_WARN_RANGE_LOOP_ANALYSIS = YES;
				CLANG_WARN_STRICT_PROTOTYPES = YES;
				CLANG_WARN_SUSPICIOUS_MOVE = YES;
				CLANG_WARN_UNGUARDED_AVAILABILITY = YES_AGGRESSIVE;
				CLANG_WARN_UNREACHABLE_CODE = YES;
				CLANG_WARN__DUPLICATE_METHOD_MATCH = YES;
				COPY_PHASE_STRIP = NO;
				DEBUG_INFORMATION_FORMAT = dwarf;
				ENABLE_STRICT_OBJC_MSGSEND = YES;
				ENABLE_TESTABILITY = YES;
				ENABLE_USER_SCRIPT_SANDBOXING = NO;
				GCC_C_LANGUAGE_STANDARD = gnu17;
				GCC_DYNAMIC_NO_PIC = NO;
				GCC_NO_COMMON_BLOCKS = YES;
				GCC_OPTIMIZATION_LEVEL = 0;
				GCC_PREPROCESSOR_DEFINITIONS = (
					"DEBUG=1",
					"$(inherited)",
				);
				GCC_WARN_64_TO_32_BIT_CONVERSION = YES;
				GCC_WARN_ABOUT_RETURN_TYPE = YES_ERROR;
				GCC_WARN_UNDECLARED_SELECTOR = YES;
				GCC_WARN_UNINITIALIZED_AUTOS = YES_AGGRESSIVE;
				GCC_WARN_UNUSED_FUNCTION = YES;
				GCC_WARN_UNUSED_VARIABLE = YES;
				IPHONEOS_DEPLOYMENT_TARGET = 17.4;
				LOCALIZATION_PREFERS_STRING_CATALOGS = YES;
				MTL_ENABLE_DEBUG_INFO = INCLUDE_SOURCE;
				MTL_FAST_MATH = YES;
				ONLY_ACTIVE_ARCH = YES;
				SDKROOT = iphoneos;
				SWIFT_ACTIVE_COMPILATION_CONDITIONS = "DEBUG $(inherited)";
				SWIFT_OPTIMIZATION_LEVEL = "-Onone";
			};
			name = Debug;
		};
		5434899B2C6C747000CD877D /* Release */ = {
			isa = XCBuildConfiguration;
			buildSettings = {
				ALWAYS_SEARCH_USER_PATHS = NO;
				ASSETCATALOG_COMPILER_GENERATE_SWIFT_ASSET_SYMBOL_EXTENSIONS = YES;
				CLANG_ANALYZER_NONNULL = YES;
				CLANG_ANALYZER_NUMBER_OBJECT_CONVERSION = YES_AGGRESSIVE;
				CLANG_CXX_LANGUAGE_STANDARD = "gnu++20";
				CLANG_ENABLE_MODULES = YES;
				CLANG_ENABLE_OBJC_ARC = YES;
				CLANG_ENABLE_OBJC_WEAK = YES;
				CLANG_WARN_BLOCK_CAPTURE_AUTORELEASING = YES;
				CLANG_WARN_BOOL_CONVERSION = YES;
				CLANG_WARN_COMMA = YES;
				CLANG_WARN_CONSTANT_CONVERSION = YES;
				CLANG_WARN_DEPRECATED_OBJC_IMPLEMENTATIONS = YES;
				CLANG_WARN_DIRECT_OBJC_ISA_USAGE = YES_ERROR;
				CLANG_WARN_DOCUMENTATION_COMMENTS = YES;
				CLANG_WARN_EMPTY_BODY = YES;
				CLANG_WARN_ENUM_CONVERSION = YES;
				CLANG_WARN_INFINITE_RECURSION = YES;
				CLANG_WARN_INT_CONVERSION = YES;
				CLANG_WARN_NON_LITERAL_NULL_CONVERSION = YES;
				CLANG_WARN_OBJC_IMPLICIT_RETAIN_SELF = YES;
				CLANG_WARN_OBJC_LITERAL_CONVERSION = YES;
				CLANG_WARN_OBJC_ROOT_CLASS = YES_ERROR;
				CLANG_WARN_QUOTED_INCLUDE_IN_FRAMEWORK_HEADER = YES;
				CLANG_WARN_RANGE_LOOP_ANALYSIS = YES;
				CLANG_WARN_STRICT_PROTOTYPES = YES;
				CLANG_WARN_SUSPICIOUS_MOVE = YES;
				CLANG_WARN_UNGUARDED_AVAILABILITY = YES_AGGRESSIVE;
				CLANG_WARN_UNREACHABLE_CODE = YES;
				CLANG_WARN__DUPLICATE_METHOD_MATCH = YES;
				COPY_PHASE_STRIP = NO;
				DEBUG_INFORMATION_FORMAT = "dwarf-with-dsym";
				ENABLE_NS_ASSERTIONS = NO;
				ENABLE_STRICT_OBJC_MSGSEND = YES;
				ENABLE_USER_SCRIPT_SANDBOXING = NO;
				GCC_C_LANGUAGE_STANDARD = gnu17;
				GCC_NO_COMMON_BLOCKS = YES;
				GCC_WARN_64_TO_32_BIT_CONVERSION = YES;
				GCC_WARN_ABOUT_RETURN_TYPE = YES_ERROR;
				GCC_WARN_UNDECLARED_SELECTOR = YES;
				GCC_WARN_UNINITIALIZED_AUTOS = YES_AGGRESSIVE;
				GCC_WARN_UNUSED_FUNCTION = YES;
				GCC_WARN_UNUSED_VARIABLE = YES;
				IPHONEOS_DEPLOYMENT_TARGET = 17.4;
				LOCALIZATION_PREFERS_STRING_CATALOGS = YES;
				MTL_ENABLE_DEBUG_INFO = NO;
				MTL_FAST_MATH = YES;
				SDKROOT = iphoneos;
				SWIFT_COMPILATION_MODE = wholemodule;
				VALIDATE_PRODUCT = YES;
			};
			name = Release;
		};
		5434899D2C6C747000CD877D /* Debug */ = {
			isa = XCBuildConfiguration;
			baseConfigurationReference = 0630084FAA391F5C0343CE09 /* Pods-MeetHub.debug.xcconfig */;
			buildSettings = {
				ASSETCATALOG_COMPILER_APPICON_NAME = AppIcon;
				ASSETCATALOG_COMPILER_GLOBAL_ACCENT_COLOR_NAME = AccentColor;
				CODE_SIGN_STYLE = Automatic;
				CURRENT_PROJECT_VERSION = 1;
				DEVELOPMENT_TEAM = 82M3Y9RKT2;
				GENERATE_INFOPLIST_FILE = YES;
				INFOPLIST_FILE = MeetHub/Info.plist;
				INFOPLIST_KEY_UIApplicationSupportsIndirectInputEvents = YES;
				INFOPLIST_KEY_UILaunchStoryboardName = LaunchScreen;
				INFOPLIST_KEY_UISupportedInterfaceOrientations = UIInterfaceOrientationPortrait;
				INFOPLIST_KEY_UISupportedInterfaceOrientations_iPad = UIInterfaceOrientationPortrait;
				IPHONEOS_DEPLOYMENT_TARGET = 17.0;
				LD_RUNPATH_SEARCH_PATHS = (
					"$(inherited)",
					"@executable_path/Frameworks",
				);
				MARKETING_VERSION = 1.0;
				PRODUCT_BUNDLE_IDENTIFIER = com.lcho3878.MeetHub;
				PRODUCT_NAME = "$(TARGET_NAME)";
				SUPPORTED_PLATFORMS = "iphoneos iphonesimulator";
				SUPPORTS_MACCATALYST = NO;
				SUPPORTS_MAC_DESIGNED_FOR_IPHONE_IPAD = NO;
				SUPPORTS_XR_DESIGNED_FOR_IPHONE_IPAD = NO;
				SWIFT_EMIT_LOC_STRINGS = YES;
				SWIFT_VERSION = 5.0;
				TARGETED_DEVICE_FAMILY = 1;
			};
			name = Debug;
		};
		5434899E2C6C747000CD877D /* Release */ = {
			isa = XCBuildConfiguration;
			baseConfigurationReference = 4EB0957F2FA45F45EF7856F3 /* Pods-MeetHub.release.xcconfig */;
			buildSettings = {
				ASSETCATALOG_COMPILER_APPICON_NAME = AppIcon;
				ASSETCATALOG_COMPILER_GLOBAL_ACCENT_COLOR_NAME = AccentColor;
				CODE_SIGN_STYLE = Automatic;
				CURRENT_PROJECT_VERSION = 1;
				DEVELOPMENT_TEAM = 82M3Y9RKT2;
				GENERATE_INFOPLIST_FILE = YES;
				INFOPLIST_FILE = MeetHub/Info.plist;
				INFOPLIST_KEY_UIApplicationSupportsIndirectInputEvents = YES;
				INFOPLIST_KEY_UILaunchStoryboardName = LaunchScreen;
				INFOPLIST_KEY_UISupportedInterfaceOrientations = UIInterfaceOrientationPortrait;
				INFOPLIST_KEY_UISupportedInterfaceOrientations_iPad = UIInterfaceOrientationPortrait;
				IPHONEOS_DEPLOYMENT_TARGET = 17.0;
				LD_RUNPATH_SEARCH_PATHS = (
					"$(inherited)",
					"@executable_path/Frameworks",
				);
				MARKETING_VERSION = 1.0;
				PRODUCT_BUNDLE_IDENTIFIER = com.lcho3878.MeetHub;
				PRODUCT_NAME = "$(TARGET_NAME)";
				SUPPORTED_PLATFORMS = "iphoneos iphonesimulator";
				SUPPORTS_MACCATALYST = NO;
				SUPPORTS_MAC_DESIGNED_FOR_IPHONE_IPAD = NO;
				SUPPORTS_XR_DESIGNED_FOR_IPHONE_IPAD = NO;
				SWIFT_EMIT_LOC_STRINGS = YES;
				SWIFT_VERSION = 5.0;
				TARGETED_DEVICE_FAMILY = 1;
			};
			name = Release;
		};
/* End XCBuildConfiguration section */

/* Begin XCConfigurationList section */
		543489832C6C746E00CD877D /* Build configuration list for PBXProject "MeetHub" */ = {
			isa = XCConfigurationList;
			buildConfigurations = (
				5434899A2C6C747000CD877D /* Debug */,
				5434899B2C6C747000CD877D /* Release */,
			);
			defaultConfigurationIsVisible = 0;
			defaultConfigurationName = Release;
		};
		5434899C2C6C747000CD877D /* Build configuration list for PBXNativeTarget "MeetHub" */ = {
			isa = XCConfigurationList;
			buildConfigurations = (
				5434899D2C6C747000CD877D /* Debug */,
				5434899E2C6C747000CD877D /* Release */,
			);
			defaultConfigurationIsVisible = 0;
			defaultConfigurationName = Release;
		};
/* End XCConfigurationList section */

/* Begin XCRemoteSwiftPackageReference section */
		543489A42C6DD17F00CD877D /* XCRemoteSwiftPackageReference "Alamofire" */ = {
			isa = XCRemoteSwiftPackageReference;
			repositoryURL = "https://github.com/Alamofire/Alamofire.git";
			requirement = {
				kind = upToNextMajorVersion;
				minimumVersion = 5.9.1;
			};
		};
		543489A72C6DD18A00CD877D /* XCRemoteSwiftPackageReference "SnapKit" */ = {
			isa = XCRemoteSwiftPackageReference;
			repositoryURL = "https://github.com/SnapKit/SnapKit";
			requirement = {
				kind = upToNextMajorVersion;
				minimumVersion = 5.7.1;
			};
		};
		543489AA2C6DD19900CD877D /* XCRemoteSwiftPackageReference "RxSwift" */ = {
			isa = XCRemoteSwiftPackageReference;
			repositoryURL = "https://github.com/ReactiveX/RxSwift";
			requirement = {
				kind = upToNextMajorVersion;
				minimumVersion = 6.7.1;
			};
		};
/* End XCRemoteSwiftPackageReference section */

/* Begin XCSwiftPackageProductDependency section */
		543489A52C6DD17F00CD877D /* Alamofire */ = {
			isa = XCSwiftPackageProductDependency;
			package = 543489A42C6DD17F00CD877D /* XCRemoteSwiftPackageReference "Alamofire" */;
			productName = Alamofire;
		};
		543489A82C6DD18A00CD877D /* SnapKit */ = {
			isa = XCSwiftPackageProductDependency;
			package = 543489A72C6DD18A00CD877D /* XCRemoteSwiftPackageReference "SnapKit" */;
			productName = SnapKit;
		};
		543489AB2C6DD19900CD877D /* RxCocoa */ = {
			isa = XCSwiftPackageProductDependency;
			package = 543489AA2C6DD19900CD877D /* XCRemoteSwiftPackageReference "RxSwift" */;
			productName = RxCocoa;
		};
		543489AD2C6DD19900CD877D /* RxSwift */ = {
			isa = XCSwiftPackageProductDependency;
			package = 543489AA2C6DD19900CD877D /* XCRemoteSwiftPackageReference "RxSwift" */;
			productName = RxSwift;
		};
/* End XCSwiftPackageProductDependency section */
	};
	rootObject = 543489802C6C746E00CD877D /* Project object */;
}
